
Microsoft Visual Studio Solution File, Format Version 12.00
# Visual Studio Version 17
VisualStudioVersion = 17.14.36511.14
MinimumVisualStudioVersion = 10.0.40219.1
Project("{FAE04EC0-301F-11D3-BF4B-00C04F79EFBC}") = "lmsBox.Server", "lmsBox.Server\lmsBox.Server.csproj", "{DE01A6EB-609D-40BC-94B8-F6F5D7DD17AB}"
EndProject
Project("{FAE04EC0-301F-11D3-BF4B-00C04F79EFBC}") = "lmsbox.infrastructure", "lmsbox.infrastructure\lmsbox.infrastructure.csproj", "{D65EA08E-0EDE-4CCD-8F66-AF3B1ED5A780}"
EndProject
Project("{FAE04EC0-301F-11D3-BF4B-00C04F79EFBC}") = "lmsbox.domain", "lmsbox.domain\lmsbox.domain.csproj", "{6058ACC6-B504-41BD-904B-C9B2F0B3A398}"
EndProject
Global
	GlobalSection(SolutionConfigurationPlatforms) = preSolution
		Debug|Any CPU = Debug|Any CPU
		Release|Any CPU = Release|Any CPU
	EndGlobalSection
	GlobalSection(ProjectConfigurationPlatforms) = postSolution
		{DE01A6EB-609D-40BC-94B8-F6F5D7DD17AB}.Debug|Any CPU.ActiveCfg = Debug|Any CPU
		{DE01A6EB-609D-40BC-94B8-F6F5D7DD17AB}.Debug|Any CPU.Build.0 = Debug|Any CPU
		{DE01A6EB-609D-40BC-94B8-F6F5D7DD17AB}.Release|Any CPU.ActiveCfg = Release|Any CPU
		{DE01A6EB-609D-40BC-94B8-F6F5D7DD17AB}.Release|Any CPU.Build.0 = Release|Any CPU
		{D65EA08E-0EDE-4CCD-8F66-AF3B1ED5A780}.Debug|Any CPU.ActiveCfg = Debug|Any CPU
		{D65EA08E-0EDE-4CCD-8F66-AF3B1ED5A780}.Debug|Any CPU.Build.0 = Debug|Any CPU
		{D65EA08E-0EDE-4CCD-8F66-AF3B1ED5A780}.Release|Any CPU.ActiveCfg = Release|Any CPU
		{D65EA08E-0EDE-4CCD-8F66-AF3B1ED5A780}.Release|Any CPU.Build.0 = Release|Any CPU
		{6058ACC6-B504-41BD-904B-C9B2F0B3A398}.Debug|Any CPU.ActiveCfg = Debug|Any CPU
		{6058ACC6-B504-41BD-904B-C9B2F0B3A398}.Debug|Any CPU.Build.0 = Debug|Any CPU
		{6058ACC6-B504-41BD-904B-C9B2F0B3A398}.Release|Any CPU.ActiveCfg = Release|Any CPU
		{6058ACC6-B504-41BD-904B-C9B2F0B3A398}.Release|Any CPU.Build.0 = Release|Any CPU
	EndGlobalSection
	GlobalSection(SolutionProperties) = preSolution
		HideSolutionNode = FALSE
	EndGlobalSection
	GlobalSection(ExtensibilityGlobals) = postSolution
		SolutionGuid = {410B9E78-7384-4E7D-B4CC-E5CEBCAEDB7E}
	EndGlobalSection
EndGlobal
